dependencies:
- name: postgresql
  repository: https://charts.bitnami.com/bitnami
  version: 12.12.10
- name: redis
  repository: https://charts.bitnami.com/bitnami
  version: 21.2.6
digest: sha256:2549272c4412f0b1fd93cb5f95c1b2837151ec0f9550b9492e754c6faf7aeda2
generated: "2025-06-30T08:46:48.971418272Z"
